
Microsoft Visual Studio Solution File, Format Version 12.00
# Visual Studio Version 17
VisualStudioVersion = 17.13.35818.85
MinimumVisualStudioVersion = 10.0.40219.1
Project("{FAE04EC0-301F-11D3-BF4B-00C04F79EFBC}") = "View", "View\View.csproj", "{C3822F06-7A7C-457C-9F36-8C47E805D166}"
EndProject
Global
	GlobalSection(SolutionConfigurationPlatforms) = preSolution
		Debug|Any CPU = Debug|Any CPU
		Release|Any CPU = Release|Any CPU
	EndGlobalSection
	GlobalSection(ProjectConfigurationPlatforms) = postSolution
		{C3822F06-7A7C-457C-9F36-8C47E805D166}.Debug|Any CPU.ActiveCfg = Debug|Any CPU
		{C3822F06-7A7C-457C-9F36-8C47E805D166}.Debug|Any CPU.Build.0 = Debug|Any CPU
		{C3822F06-7A7C-457C-9F36-8C47E805D166}.Release|Any CPU.ActiveCfg = Release|Any CPU
		{C3822F06-7A7C-457C-9F36-8C47E805D166}.Release|Any CPU.Build.0 = Release|Any CPU
	EndGlobalSection
	GlobalSection(SolutionProperties) = preSolution
		HideSolutionNode = FALSE
	EndGlobalSection
	GlobalSection(ExtensibilityGlobals) = postSolution
		SolutionGuid = {7787C48D-2A2A-4CDF-9846-A1E5575166F6}
	EndGlobalSection
EndGlobal
