
Microsoft Visual Studio Solution File, Format Version 12.00
# Visual Studio Version 17
VisualStudioVersion = 17.5.002.0
MinimumVisualStudioVersion = 10.0.40219.1
Project("{9A19103F-16F7-4668-BE54-9A1E7A4F7556}") = "Programming", "Programming.csproj", "{31207DCD-2133-4153-BE69-2A4B24A001CD}"
EndProject
Global
	GlobalSection(SolutionConfigurationPlatforms) = preSolution
		Debug|Any CPU = Debug|Any CPU
		Release|Any CPU = Release|Any CPU
	EndGlobalSection
	GlobalSection(ProjectConfigurationPlatforms) = postSolution
		{31207DCD-2133-4153-BE69-2A4B24A001CD}.Debug|Any CPU.ActiveCfg = Debug|Any CPU
		{31207DCD-2133-4153-BE69-2A4B24A001CD}.Debug|Any CPU.Build.0 = Debug|Any CPU
		{31207DCD-2133-4153-BE69-2A4B24A001CD}.Release|Any CPU.ActiveCfg = Release|Any CPU
		{31207DCD-2133-4153-BE69-2A4B24A001CD}.Release|Any CPU.Build.0 = Release|Any CPU
	EndGlobalSection
	GlobalSection(SolutionProperties) = preSolution
		HideSolutionNode = FALSE
	EndGlobalSection
	GlobalSection(ExtensibilityGlobals) = postSolution
		SolutionGuid = {72BF7A59-4122-47CD-A2E8-993EA9C6DAA9}
	EndGlobalSection
EndGlobal
